// !$*UTF8*$!
{
	archiveVersion = 1;
	classes = {
	};
	objectVersion = 50;
	objects = {

/* Begin PBXBuildFile section */
		521C0DE8249344B10097A5A9 /* ButtonTableViewCell.swift in Sources */ = {isa = PBXBuildFile; fileRef = 521C0DE7249344B10097A5A9 /* ButtonTableViewCell.swift */; };
		527D9BDF2492D52C007672F4 /* AppDelegate.swift in Sources */ = {isa = PBXBuildFile; fileRef = 527D9BDE2492D52C007672F4 /* AppDelegate.swift */; };
		527D9BE12492D52C007672F4 /* SceneDelegate.swift in Sources */ = {isa = PBXBuildFile; fileRef = 527D9BE02492D52C007672F4 /* SceneDelegate.swift */; };
		527D9BE32492D52C007672F4 /* ViewController.swift in Sources */ = {isa = PBXBuildFile; fileRef = 527D9BE22492D52C007672F4 /* ViewController.swift */; };
		527D9BE62492D52C007672F4 /* Main.storyboard in Resources */ = {isa = PBXBuildFile; fileRef = 527D9BE42492D52C007672F4 /* Main.storyboard */; };
		527D9BE92492D52C007672F4 /* Task.xcdatamodeld in Sources */ = {isa = PBXBuildFile; fileRef = 527D9BE72492D52C007672F4 /* Task.xcdatamodeld */; };
		527D9BEB2492D52E007672F4 /* Assets.xcassets in Resources */ = {isa = PBXBuildFile; fileRef = 527D9BEA2492D52E007672F4 /* Assets.xcassets */; };
		527D9BEE2492D52E007672F4 /* LaunchScreen.storyboard in Resources */ = {isa = PBXBuildFile; fileRef = 527D9BEC2492D52E007672F4 /* LaunchScreen.storyboard */; };
		527D9BFD2492D8AE007672F4 /* CoreDataStack.swift in Sources */ = {isa = PBXBuildFile; fileRef = 527D9BFC2492D8AE007672F4 /* CoreDataStack.swift */; };
		527D9BFF2492DA60007672F4 /* Task+Convinience.swift in Sources */ = {isa = PBXBuildFile; fileRef = 527D9BFE2492DA60007672F4 /* Task+Convinience.swift */; };
		527D9C012492DBFC007672F4 /* TaskController.swift in Sources */ = {isa = PBXBuildFile; fileRef = 527D9C002492DBFC007672F4 /* TaskController.swift */; };
		527D9C032492E192007672F4 /* TaskListTableViewController.swift in Sources */ = {isa = PBXBuildFile; fileRef = 527D9C022492E192007672F4 /* TaskListTableViewController.swift */; };
		527D9C052492E19E007672F4 /* TaskDetailTableViewController.swift in Sources */ = {isa = PBXBuildFile; fileRef = 527D9C042492E19E007672F4 /* TaskDetailTableViewController.swift */; };
		527D9C072492EF15007672F4 /* DateHelpers.swift in Sources */ = {isa = PBXBuildFile; fileRef = 527D9C062492EF15007672F4 /* DateHelpers.swift */; };
/* End PBXBuildFile section */

/* Begin PBXFileReference section */
		521C0DE7249344B10097A5A9 /* ButtonTableViewCell.swift */ = {isa = PBXFileReference; lastKnownFileType = sourcecode.swift; path = ButtonTableViewCell.swift; sourceTree = "<group>"; };
		527D9BDB2492D52C007672F4 /* Task.app */ = {isa = PBXFileReference; explicitFileType = wrapper.application; includeInIndex = 0; path = Task.app; sourceTree = BUILT_PRODUCTS_DIR; };
		527D9BDE2492D52C007672F4 /* AppDelegate.swift */ = {isa = PBXFileReference; lastKnownFileType = sourcecode.swift; path = AppDelegate.swift; sourceTree = "<group>"; };
		527D9BE02492D52C007672F4 /* SceneDelegate.swift */ = {isa = PBXFileReference; lastKnownFileType = sourcecode.swift; path = SceneDelegate.swift; sourceTree = "<group>"; };
		527D9BE22492D52C007672F4 /* ViewController.swift */ = {isa = PBXFileReference; lastKnownFileType = sourcecode.swift; path = ViewController.swift; sourceTree = "<group>"; };
		527D9BE52492D52C007672F4 /* Base */ = {isa = PBXFileReference; lastKnownFileType = file.storyboard; name = Base; path = Base.lproj/Main.storyboard; sourceTree = "<group>"; };
		527D9BE82492D52C007672F4 /* Task.xcdatamodel */ = {isa = PBXFileReference; lastKnownFileType = wrapper.xcdatamodel; path = Task.xcdatamodel; sourceTree = "<group>"; };
		527D9BEA2492D52E007672F4 /* Assets.xcassets */ = {isa = PBXFileReference; lastKnownFileType = folder.assetcatalog; path = Assets.xcassets; sourceTree = "<group>"; };
		527D9BED2492D52E007672F4 /* Base */ = {isa = PBXFileReference; lastKnownFileType = file.storyboard; name = Base; path = Base.lproj/LaunchScreen.storyboard; sourceTree = "<group>"; };
		527D9BEF2492D52E007672F4 /* Info.plist */ = {isa = PBXFileReference; lastKnownFileType = text.plist.xml; path = Info.plist; sourceTree = "<group>"; };
		527D9BFC2492D8AE007672F4 /* CoreDataStack.swift */ = {isa = PBXFileReference; lastKnownFileType = sourcecode.swift; path = CoreDataStack.swift; sourceTree = "<group>"; };
		527D9BFE2492DA60007672F4 /* Task+Convinience.swift */ = {isa = PBXFileReference; lastKnownFileType = sourcecode.swift; path = "Task+Convinience.swift"; sourceTree = "<group>"; };
		527D9C002492DBFC007672F4 /* TaskController.swift */ = {isa = PBXFileReference; lastKnownFileType = sourcecode.swift; path = TaskController.swift; sourceTree = "<group>"; };
		527D9C022492E192007672F4 /* TaskListTableViewController.swift */ = {isa = PBXFileReference; lastKnownFileType = sourcecode.swift; path = TaskListTableViewController.swift; sourceTree = "<group>"; };
		527D9C042492E19E007672F4 /* TaskDetailTableViewController.swift */ = {isa = PBXFileReference; lastKnownFileType = sourcecode.swift; path = TaskDetailTableViewController.swift; sourceTree = "<group>"; };
		527D9C062492EF15007672F4 /* DateHelpers.swift */ = {isa = PBXFileReference; lastKnownFileType = sourcecode.swift; path = DateHelpers.swift; sourceTree = "<group>"; };
/* End PBXFileReference section */

/* Begin PBXFrameworksBuildPhase section */
		527D9BD82492D52C007672F4 /* Frameworks */ = {
			isa = PBXFrameworksBuildPhase;
			buildActionMask = 2147483647;
			files = (
			);
			runOnlyForDeploymentPostprocessing = 0;
		};
/* End PBXFrameworksBuildPhase section */

/* Begin PBXGroup section */
		521C0DEA249344BA0097A5A9 /* Cell */ = {
			isa = PBXGroup;
			children = (
				521C0DE7249344B10097A5A9 /* ButtonTableViewCell.swift */,
			);
			path = Cell;
			sourceTree = "<group>";
		};
		527D9BD22492D52C007672F4 = {
			isa = PBXGroup;
			children = (
				527D9BDD2492D52C007672F4 /* Task */,
				527D9BDC2492D52C007672F4 /* Products */,
			);
			sourceTree = "<group>";
		};
		527D9BDC2492D52C007672F4 /* Products */ = {
			isa = PBXGroup;
			children = (
				527D9BDB2492D52C007672F4 /* Task.app */,
			);
			name = Products;
			sourceTree = "<group>";
		};
		527D9BDD2492D52C007672F4 /* Task */ = {
			isa = PBXGroup;
			children = (
				527D9BF82492D756007672F4 /* Controller */,
				527D9BF72492D752007672F4 /* Model */,
				527D9BF62492D74F007672F4 /* View */,
				527D9BF52492D540007672F4 /* Resource */,
				527D9BE22492D52C007672F4 /* ViewController.swift */,
			);
			path = Task;
			sourceTree = "<group>";
		};
		527D9BF52492D540007672F4 /* Resource */ = {
			isa = PBXGroup;
			children = (
				527D9BDE2492D52C007672F4 /* AppDelegate.swift */,
				527D9BE02492D52C007672F4 /* SceneDelegate.swift */,
				527D9BEA2492D52E007672F4 /* Assets.xcassets */,
				527D9BEC2492D52E007672F4 /* LaunchScreen.storyboard */,
				527D9BEF2492D52E007672F4 /* Info.plist */,
			);
			path = Resource;
			sourceTree = "<group>";
		};
		527D9BF62492D74F007672F4 /* View */ = {
			isa = PBXGroup;
			children = (
				527D9BE42492D52C007672F4 /* Main.storyboard */,
				521C0DEA249344BA0097A5A9 /* Cell */,
			);
			path = View;
			sourceTree = "<group>";
		};
		527D9BF72492D752007672F4 /* Model */ = {
			isa = PBXGroup;
			children = (
				527D9BE72492D52C007672F4 /* Task.xcdatamodeld */,
				527D9BFC2492D8AE007672F4 /* CoreDataStack.swift */,
				527D9BFE2492DA60007672F4 /* Task+Convinience.swift */,
				527D9C062492EF15007672F4 /* DateHelpers.swift */,
			);
			path = Model;
			sourceTree = "<group>";
		};
		527D9BF82492D756007672F4 /* Controller */ = {
			isa = PBXGroup;
			children = (
				527D9BFA2492D898007672F4 /* View Controller */,
				527D9BF92492D891007672F4 /* Model Controller */,
			);
			path = Controller;
			sourceTree = "<group>";
		};
		527D9BF92492D891007672F4 /* Model Controller */ = {
			isa = PBXGroup;
			children = (
				527D9C002492DBFC007672F4 /* TaskController.swift */,
			);
			path = "Model Controller";
			sourceTree = "<group>";
		};
		527D9BFA2492D898007672F4 /* View Controller */ = {
			isa = PBXGroup;
			children = (
				527D9C022492E192007672F4 /* TaskListTableViewController.swift */,
				527D9C042492E19E007672F4 /* TaskDetailTableViewController.swift */,
			);
			path = "View Controller";
			sourceTree = "<group>";
		};
/* End PBXGroup section */

/* Begin PBXNativeTarget section */
		527D9BDA2492D52C007672F4 /* Task */ = {
			isa = PBXNativeTarget;
			buildConfigurationList = 527D9BF22492D52E007672F4 /* Build configuration list for PBXNativeTarget "Task" */;
			buildPhases = (
				527D9BD72492D52C007672F4 /* Sources */,
				527D9BD82492D52C007672F4 /* Frameworks */,
				527D9BD92492D52C007672F4 /* Resources */,
			);
			buildRules = (
			);
			dependencies = (
			);
			name = Task;
			productName = Task;
			productReference = 527D9BDB2492D52C007672F4 /* Task.app */;
			productType = "com.apple.product-type.application";
		};
/* End PBXNativeTarget section */

/* Begin PBXProject section */
		527D9BD32492D52C007672F4 /* Project object */ = {
			isa = PBXProject;
			attributes = {
				LastSwiftUpdateCheck = 1150;
				LastUpgradeCheck = 1150;
				ORGANIZATIONNAME = Atomuz;
				TargetAttributes = {
					527D9BDA2492D52C007672F4 = {
						CreatedOnToolsVersion = 11.5;
					};
				};
			};
			buildConfigurationList = 527D9BD62492D52C007672F4 /* Build configuration list for PBXProject "Task" */;
			compatibilityVersion = "Xcode 9.3";
			developmentRegion = en;
			hasScannedForEncodings = 0;
			knownRegions = (
				en,
				Base,
			);
			mainGroup = 527D9BD22492D52C007672F4;
			productRefGroup = 527D9BDC2492D52C007672F4 /* Products */;
			projectDirPath = "";
			projectRoot = "";
			targets = (
				527D9BDA2492D52C007672F4 /* Task */,
			);
		};
/* End PBXProject section */

/* Begin PBXResourcesBuildPhase section */
		527D9BD92492D52C007672F4 /* Resources */ = {
			isa = PBXResourcesBuildPhase;
			buildActionMask = 2147483647;
			files = (
				527D9BEE2492D52E007672F4 /* LaunchScreen.storyboard in Resources */,
				527D9BEB2492D52E007672F4 /* Assets.xcassets in Resources */,
				527D9BE62492D52C007672F4 /* Main.storyboard in Resources */,
			);
			runOnlyForDeploymentPostprocessing = 0;
		};
/* End PBXResourcesBuildPhase section */

/* Begin PBXSourcesBuildPhase section */
		527D9BD72492D52C007672F4 /* Sources */ = {
			isa = PBXSourcesBuildPhase;
			buildActionMask = 2147483647;
			files = (
				527D9C012492DBFC007672F4 /* TaskController.swift in Sources */,
				527D9BFD2492D8AE007672F4 /* CoreDataStack.swift in Sources */,
				527D9BE92492D52C007672F4 /* Task.xcdatamodeld in Sources */,
				527D9C072492EF15007672F4 /* DateHelpers.swift in Sources */,
				527D9BE32492D52C007672F4 /* ViewController.swift in Sources */,
				521C0DE8249344B10097A5A9 /* ButtonTableViewCell.swift in Sources */,
				527D9BDF2492D52C007672F4 /* AppDelegate.swift in Sources */,
				527D9BFF2492DA60007672F4 /* Task+Convinience.swift in Sources */,
				527D9C032492E192007672F4 /* TaskListTableViewController.swift in Sources */,
				527D9BE12492D52C007672F4 /* SceneDelegate.swift in Sources */,
				527D9C052492E19E007672F4 /* TaskDetailTableViewController.swift in Sources */,
			);
			runOnlyForDeploymentPostprocessing = 0;
		};
/* End PBXSourcesBuildPhase section */

/* Begin PBXVariantGroup section */
		527D9BE42492D52C007672F4 /* Main.storyboard */ = {
			isa = PBXVariantGroup;
			children = (
				527D9BE52492D52C007672F4 /* Base */,
			);
			name = Main.storyboard;
			sourceTree = "<group>";
		};
		527D9BEC2492D52E007672F4 /* LaunchScreen.storyboard */ = {
			isa = PBXVariantGroup;
			children = (
				527D9BED2492D52E007672F4 /* Base */,
			);
			name = LaunchScreen.storyboard;
			sourceTree = "<group>";
		};
/* End PBXVariantGroup section */

/* Begin XCBuildConfiguration section */
		527D9BF02492D52E007672F4 /* Debug */ = {
			isa = XCBuildConfiguration;
			buildSettings = {
				ALWAYS_SEARCH_USER_PATHS = NO;
				CLANG_ANALYZER_NONNULL = YES;
				CLANG_ANALYZER_NUMBER_OBJECT_CONVERSION = YES_AGGRESSIVE;
				CLANG_CXX_LANGUAGE_STANDARD = "gnu++14";
				CLANG_CXX_LIBRARY = "libc++";
				CLANG_ENABLE_MODULES = YES;
				CLANG_ENABLE_OBJC_ARC = YES;
				CLANG_ENABLE_OBJC_WEAK = YES;
				CLANG_WARN_BLOCK_CAPTURE_AUTORELEASING = YES;
				CLANG_WARN_BOOL_CONVERSION = YES;
				CLANG_WARN_COMMA = YES;
				CLANG_WARN_CONSTANT_CONVERSION = YES;
				CLANG_WARN_DEPRECATED_OBJC_IMPLEMENTATIONS = YES;
				CLANG_WARN_DIRECT_OBJC_ISA_USAGE = YES_ERROR;
				CLANG_WARN_DOCUMENTATION_COMMENTS = YES;
				CLANG_WARN_EMPTY_BODY = YES;
				CLANG_WARN_ENUM_CONVERSION = YES;
				CLANG_WARN_INFINITE_RECURSION = YES;
				CLANG_WARN_INT_CONVERSION = YES;
				CLANG_WARN_NON_LITERAL_NULL_CONVERSION = YES;
				CLANG_WARN_OBJC_IMPLICIT_RETAIN_SELF = YES;
				CLANG_WARN_OBJC_LITERAL_CONVERSION = YES;
				CLANG_WARN_OBJC_ROOT_CLASS = YES_ERROR;
				CLANG_WARN_RANGE_LOOP_ANALYSIS = YES;
				CLANG_WARN_STRICT_PROTOTYPES = YES;
				CLANG_WARN_SUSPICIOUS_MOVE = YES;
				CLANG_WARN_UNGUARDED_AVAILABILITY = YES_AGGRESSIVE;
				CLANG_WARN_UNREACHABLE_CODE = YES;
				CLANG_WARN__DUPLICATE_METHOD_MATCH = YES;
				COPY_PHASE_STRIP = NO;
				DEBUG_INFORMATION_FORMAT = dwarf;
				ENABLE_STRICT_OBJC_MSGSEND = YES;
				ENABLE_TESTABILITY = YES;
				GCC_C_LANGUAGE_STANDARD = gnu11;
				GCC_DYNAMIC_NO_PIC = NO;
				GCC_NO_COMMON_BLOCKS = YES;
				GCC_OPTIMIZATION_LEVEL = 0;
				GCC_PREPROCESSOR_DEFINITIONS = (
					"DEBUG=1",
					"$(inherited)",
				);
				GCC_WARN_64_TO_32_BIT_CONVERSION = YES;
				GCC_WARN_ABOUT_RETURN_TYPE = YES_ERROR;
				GCC_WARN_UNDECLARED_SELECTOR = YES;
				GCC_WARN_UNINITIALIZED_AUTOS = YES_AGGRESSIVE;
				GCC_WARN_UNUSED_FUNCTION = YES;
				GCC_WARN_UNUSED_VARIABLE = YES;
				IPHONEOS_DEPLOYMENT_TARGET = 13.5;
				MTL_ENABLE_DEBUG_INFO = INCLUDE_SOURCE;
				MTL_FAST_MATH = YES;
				ONLY_ACTIVE_ARCH = YES;
				SDKROOT = iphoneos;
				SWIFT_ACTIVE_COMPILATION_CONDITIONS = DEBUG;
				SWIFT_OPTIMIZATION_LEVEL = "-Onone";
			};
			name = Debug;
		};
		527D9BF12492D52E007672F4 /* Release */ = {
			isa = XCBuildConfiguration;
			buildSettings = {
				ALWAYS_SEARCH_USER_PATHS = NO;
				CLANG_ANALYZER_NONNULL = YES;
				CLANG_ANALYZER_NUMBER_OBJECT_CONVERSION = YES_AGGRESSIVE;
				CLANG_CXX_LANGUAGE_STANDARD = "gnu++14";
				CLANG_CXX_LIBRARY = "libc++";
				CLANG_ENABLE_MODULES = YES;
				CLANG_ENABLE_OBJC_ARC = YES;
				CLANG_ENABLE_OBJC_WEAK = YES;
				CLANG_WARN_BLOCK_CAPTURE_AUTORELEASING = YES;
				CLANG_WARN_BOOL_CONVERSION = YES;
				CLANG_WARN_COMMA = YES;
				CLANG_WARN_CONSTANT_CONVERSION = YES;
				CLANG_WARN_DEPRECATED_OBJC_IMPLEMENTATIONS = YES;
				CLANG_WARN_DIRECT_OBJC_ISA_USAGE = YES_ERROR;
				CLANG_WARN_DOCUMENTATION_COMMENTS = YES;
				CLANG_WARN_EMPTY_BODY = YES;
				CLANG_WARN_ENUM_CONVERSION = YES;
				CLANG_WARN_INFINITE_RECURSION = YES;
				CLANG_WARN_INT_CONVERSION = YES;
				CLANG_WARN_NON_LITERAL_NULL_CONVERSION = YES;
				CLANG_WARN_OBJC_IMPLICIT_RETAIN_SELF = YES;
				CLANG_WARN_OBJC_LITERAL_CONVERSION = YES;
				CLANG_WARN_OBJC_ROOT_CLASS = YES_ERROR;
				CLANG_WARN_RANGE_LOOP_ANALYSIS = YES;
				CLANG_WARN_STRICT_PROTOTYPES = YES;
				CLANG_WARN_SUSPICIOUS_MOVE = YES;
				CLANG_WARN_UNGUARDED_AVAILABILITY = YES_AGGRESSIVE;
				CLANG_WARN_UNREACHABLE_CODE = YES;
				CLANG_WARN__DUPLICATE_METHOD_MATCH = YES;
				COPY_PHASE_STRIP = NO;
				DEBUG_INFORMATION_FORMAT = "dwarf-with-dsym";
				ENABLE_NS_ASSERTIONS = NO;
				ENABLE_STRICT_OBJC_MSGSEND = YES;
				GCC_C_LANGUAGE_STANDARD = gnu11;
				GCC_NO_COMMON_BLOCKS = YES;
				GCC_WARN_64_TO_32_BIT_CONVERSION = YES;
				GCC_WARN_ABOUT_RETURN_TYPE = YES_ERROR;
				GCC_WARN_UNDECLARED_SELECTOR = YES;
				GCC_WARN_UNINITIALIZED_AUTOS = YES_AGGRESSIVE;
				GCC_WARN_UNUSED_FUNCTION = YES;
				GCC_WARN_UNUSED_VARIABLE = YES;
				IPHONEOS_DEPLOYMENT_TARGET = 13.5;
				MTL_ENABLE_DEBUG_INFO = NO;
				MTL_FAST_MATH = YES;
				SDKROOT = iphoneos;
				SWIFT_COMPILATION_MODE = wholemodule;
				SWIFT_OPTIMIZATION_LEVEL = "-O";
				VALIDATE_PRODUCT = YES;
			};
			name = Release;
		};
		527D9BF32492D52E007672F4 /* Debug */ = {
			isa = XCBuildConfiguration;
			buildSettings = {
				ASSETCATALOG_COMPILER_APPICON_NAME = AppIcon;
				CODE_SIGN_STYLE = Automatic;
				DEVELOPMENT_TEAM = 9P92JGZ383;
				INFOPLIST_FILE = Task/Resource/Info.plist;
				LD_RUNPATH_SEARCH_PATHS = (
					"$(inherited)",
					"@executable_path/Frameworks",
				);
				PRODUCT_BUNDLE_IDENTIFIER = com.atomuz.Task;
				PRODUCT_NAME = "$(TARGET_NAME)";
				SWIFT_VERSION = 5.0;
				TARGETED_DEVICE_FAMILY = "1,2";
			};
			name = Debug;
		};
		527D9BF42492D52E007672F4 /* Release */ = {
			isa = XCBuildConfiguration;
			buildSettings = {
				ASSETCATALOG_COMPILER_APPICON_NAME = AppIcon;
				CODE_SIGN_STYLE = Automatic;
				DEVELOPMENT_TEAM = 9P92JGZ383;
				INFOPLIST_FILE = Task/Resource/Info.plist;
				LD_RUNPATH_SEARCH_PATHS = (
					"$(inherited)",
					"@executable_path/Frameworks",
				);
				PRODUCT_BUNDLE_IDENTIFIER = com.atomuz.Task;
				PRODUCT_NAME = "$(TARGET_NAME)";
				SWIFT_VERSION = 5.0;
				TARGETED_DEVICE_FAMILY = "1,2";
			};
			name = Release;
		};
/* End XCBuildConfiguration section */

/* Begin XCConfigurationList section */
		527D9BD62492D52C007672F4 /* Build configuration list for PBXProject "Task" */ = {
			isa = XCConfigurationList;
			buildConfigurations = (
				527D9BF02492D52E007672F4 /* Debug */,
				527D9BF12492D52E007672F4 /* Release */,
			);
			defaultConfigurationIsVisible = 0;
			defaultConfigurationName = Release;
		};
		527D9BF22492D52E007672F4 /* Build configuration list for PBXNativeTarget "Task" */ = {
			isa = XCConfigurationList;
			buildConfigurations = (
				527D9BF32492D52E007672F4 /* Debug */,
				527D9BF42492D52E007672F4 /* Release */,
			);
			defaultConfigurationIsVisible = 0;
			defaultConfigurationName = Release;
		};
/* End XCConfigurationList section */

/* Begin XCVersionGroup section */
		527D9BE72492D52C007672F4 /* Task.xcdatamodeld */ = {
			isa = XCVersionGroup;
			children = (
				527D9BE82492D52C007672F4 /* Task.xcdatamodel */,
			);
			currentVersion = 527D9BE82492D52C007672F4 /* Task.xcdatamodel */;
			path = Task.xcdatamodeld;
			sourceTree = "<group>";
			versionGroupType = wrapper.xcdatamodel;
		};
/* End XCVersionGroup section */
	};
	rootObject = 527D9BD32492D52C007672F4 /* Project object */;
}
